
Microsoft Visual Studio Solution File, Format Version 12.00
# Visual Studio Version 16
VisualStudioVersion = 16.0.30907.101
MinimumVisualStudioVersion = 10.0.40219.1
Project("{9A19103F-16F7-4668-BE54-9A1E7A4F7556}") = "Whatsdown-Friend-Service", "Whatsdown-Friend-Service.csproj", "{A9C5E0BE-AD3D-4A0A-B0C8-8A7F879A612E}"
EndProject
Project("{FAE04EC0-301F-11D3-BF4B-00C04F79EFBC}") = "Friend-Tests", "..\Friend-Tests\Friend-Tests.csproj", "{F0803EA5-EB62-4AF2-8687-967026DC7C04}"
	ProjectSection(ProjectDependencies) = postProject
		{A9C5E0BE-AD3D-4A0A-B0C8-8A7F879A612E} = {A9C5E0BE-AD3D-4A0A-B0C8-8A7F879A612E}
	EndProjectSection
EndProject
Global
	GlobalSection(SolutionConfigurationPlatforms) = preSolution
		Debug|Any CPU = Debug|Any CPU
		Release|Any CPU = Release|Any CPU
	EndGlobalSection
	GlobalSection(ProjectConfigurationPlatforms) = postSolution
		{A9C5E0BE-AD3D-4A0A-B0C8-8A7F879A612E}.Debug|Any CPU.ActiveCfg = Debug|Any CPU
		{A9C5E0BE-AD3D-4A0A-B0C8-8A7F879A612E}.Debug|Any CPU.Build.0 = Debug|Any CPU
		{A9C5E0BE-AD3D-4A0A-B0C8-8A7F879A612E}.Release|Any CPU.ActiveCfg = Release|Any CPU
		{A9C5E0BE-AD3D-4A0A-B0C8-8A7F879A612E}.Release|Any CPU.Build.0 = Release|Any CPU
		{F0803EA5-EB62-4AF2-8687-967026DC7C04}.Debug|Any CPU.ActiveCfg = Debug|Any CPU
		{F0803EA5-EB62-4AF2-8687-967026DC7C04}.Debug|Any CPU.Build.0 = Debug|Any CPU
		{F0803EA5-EB62-4AF2-8687-967026DC7C04}.Release|Any CPU.ActiveCfg = Release|Any CPU
		{F0803EA5-EB62-4AF2-8687-967026DC7C04}.Release|Any CPU.Build.0 = Release|Any CPU
	EndGlobalSection
	GlobalSection(SolutionProperties) = preSolution
		HideSolutionNode = FALSE
	EndGlobalSection
	GlobalSection(ExtensibilityGlobals) = postSolution
		SolutionGuid = {0AA65BFF-2CAD-4B53-A472-DFBC325B53F5}
	EndGlobalSection
EndGlobal
